// !$*UTF8*$!
{
	archiveVersion = 1;
	classes = {
	};
	objectVersion = 55;
	objects = {

/* Begin PBXBuildFile section */
		901512E12883363300976B0F /* AppDelegate.swift in Sources */ = {isa = PBXBuildFile; fileRef = 901512E02883363300976B0F /* AppDelegate.swift */; };
		901512E72883363300976B0F /* GameScene.swift in Sources */ = {isa = PBXBuildFile; fileRef = 901512E62883363300976B0F /* GameScene.swift */; };
		901512E92883363300976B0F /* GameViewController.swift in Sources */ = {isa = PBXBuildFile; fileRef = 901512E82883363300976B0F /* GameViewController.swift */; };
		901512EC2883363300976B0F /* Main.storyboard in Resources */ = {isa = PBXBuildFile; fileRef = 901512EA2883363300976B0F /* Main.storyboard */; };
		901512EE2883363600976B0F /* Assets.xcassets in Resources */ = {isa = PBXBuildFile; fileRef = 901512ED2883363600976B0F /* Assets.xcassets */; };
		901512F12883363600976B0F /* LaunchScreen.storyboard in Resources */ = {isa = PBXBuildFile; fileRef = 901512EF2883363600976B0F /* LaunchScreen.storyboard */; };
		901512F82883555B00976B0F /* DiceEntity.swift in Sources */ = {isa = PBXBuildFile; fileRef = 901512F72883555B00976B0F /* DiceEntity.swift */; };
		901512FA28835BF900976B0F /* DiceController.swift in Sources */ = {isa = PBXBuildFile; fileRef = 901512F928835BF900976B0F /* DiceController.swift */; };
		901512FC28835CA900976B0F /* DiceType.swift in Sources */ = {isa = PBXBuildFile; fileRef = 901512FB28835CA900976B0F /* DiceType.swift */; };
		901512FE28835E3400976B0F /* RandomNumberApi.swift in Sources */ = {isa = PBXBuildFile; fileRef = 901512FD28835E3400976B0F /* RandomNumberApi.swift */; };
		901513002883621C00976B0F /* DiceApi.swift in Sources */ = {isa = PBXBuildFile; fileRef = 901512FF2883621C00976B0F /* DiceApi.swift */; };
		90151306288370CE00976B0F /* TileType.swift in Sources */ = {isa = PBXBuildFile; fileRef = 90151305288370CE00976B0F /* TileType.swift */; };
		90151308288379A400976B0F /* TileEntity.swift in Sources */ = {isa = PBXBuildFile; fileRef = 90151307288379A400976B0F /* TileEntity.swift */; };
		9015130A288379E800976B0F /* TileSide.swift in Sources */ = {isa = PBXBuildFile; fileRef = 90151309288379E800976B0F /* TileSide.swift */; };
		9015130C28837B5500976B0F /* TileController.swift in Sources */ = {isa = PBXBuildFile; fileRef = 9015130B28837B5500976B0F /* TileController.swift */; };
		9015130E28837B8E00976B0F /* Typealias.swift in Sources */ = {isa = PBXBuildFile; fileRef = 9015130D28837B8E00976B0F /* Typealias.swift */; };
		90151310288395C800976B0F /* ObjectDepth.swift in Sources */ = {isa = PBXBuildFile; fileRef = 9015130F288395C800976B0F /* ObjectDepth.swift */; };
		901513152883B55F00976B0F /* LevelController.swift in Sources */ = {isa = PBXBuildFile; fileRef = 901513142883B55F00976B0F /* LevelController.swift */; };
		901513172883B80400976B0F /* TileBoards.swift in Sources */ = {isa = PBXBuildFile; fileRef = 901513162883B80400976B0F /* TileBoards.swift */; };
		901513192883BD9700976B0F /* CardinalDirection.swift in Sources */ = {isa = PBXBuildFile; fileRef = 901513182883BD9700976B0F /* CardinalDirection.swift */; };
		9015131E2883C45000976B0F /* Point.swift in Sources */ = {isa = PBXBuildFile; fileRef = 9015131D2883C45000976B0F /* Point.swift */; };
		901513202883F32100976B0F /* LevelControllerDelegate.swift in Sources */ = {isa = PBXBuildFile; fileRef = 9015131F2883F32100976B0F /* LevelControllerDelegate.swift */; };
		901513222884A4A200976B0F /* SKScene.swift in Sources */ = {isa = PBXBuildFile; fileRef = 901513212884A4A200976B0F /* SKScene.swift */; };
/* End PBXBuildFile section */

/* Begin PBXFileReference section */
		901512DD2883363300976B0F /* RollOfTheDice.app */ = {isa = PBXFileReference; explicitFileType = wrapper.application; includeInIndex = 0; path = RollOfTheDice.app; sourceTree = BUILT_PRODUCTS_DIR; };
		901512E02883363300976B0F /* AppDelegate.swift */ = {isa = PBXFileReference; lastKnownFileType = sourcecode.swift; path = AppDelegate.swift; sourceTree = "<group>"; };
		901512E62883363300976B0F /* GameScene.swift */ = {isa = PBXFileReference; lastKnownFileType = sourcecode.swift; path = GameScene.swift; sourceTree = "<group>"; };
		901512E82883363300976B0F /* GameViewController.swift */ = {isa = PBXFileReference; lastKnownFileType = sourcecode.swift; path = GameViewController.swift; sourceTree = "<group>"; };
		901512EB2883363300976B0F /* Base */ = {isa = PBXFileReference; lastKnownFileType = file.storyboard; name = Base; path = Base.lproj/Main.storyboard; sourceTree = "<group>"; };
		901512ED2883363600976B0F /* Assets.xcassets */ = {isa = PBXFileReference; lastKnownFileType = folder.assetcatalog; path = Assets.xcassets; sourceTree = "<group>"; };
		901512F02883363600976B0F /* Base */ = {isa = PBXFileReference; lastKnownFileType = file.storyboard; name = Base; path = Base.lproj/LaunchScreen.storyboard; sourceTree = "<group>"; };
		901512F72883555B00976B0F /* DiceEntity.swift */ = {isa = PBXFileReference; lastKnownFileType = sourcecode.swift; path = DiceEntity.swift; sourceTree = "<group>"; };
		901512F928835BF900976B0F /* DiceController.swift */ = {isa = PBXFileReference; lastKnownFileType = sourcecode.swift; path = DiceController.swift; sourceTree = "<group>"; };
		901512FB28835CA900976B0F /* DiceType.swift */ = {isa = PBXFileReference; lastKnownFileType = sourcecode.swift; path = DiceType.swift; sourceTree = "<group>"; };
		901512FD28835E3400976B0F /* RandomNumberApi.swift */ = {isa = PBXFileReference; lastKnownFileType = sourcecode.swift; path = RandomNumberApi.swift; sourceTree = "<group>"; };
		901512FF2883621C00976B0F /* DiceApi.swift */ = {isa = PBXFileReference; lastKnownFileType = sourcecode.swift; path = DiceApi.swift; sourceTree = "<group>"; };
		90151305288370CE00976B0F /* TileType.swift */ = {isa = PBXFileReference; lastKnownFileType = sourcecode.swift; path = TileType.swift; sourceTree = "<group>"; };
		90151307288379A400976B0F /* TileEntity.swift */ = {isa = PBXFileReference; lastKnownFileType = sourcecode.swift; path = TileEntity.swift; sourceTree = "<group>"; };
		90151309288379E800976B0F /* TileSide.swift */ = {isa = PBXFileReference; lastKnownFileType = sourcecode.swift; path = TileSide.swift; sourceTree = "<group>"; };
		9015130B28837B5500976B0F /* TileController.swift */ = {isa = PBXFileReference; lastKnownFileType = sourcecode.swift; path = TileController.swift; sourceTree = "<group>"; };
		9015130D28837B8E00976B0F /* Typealias.swift */ = {isa = PBXFileReference; lastKnownFileType = sourcecode.swift; path = Typealias.swift; sourceTree = "<group>"; };
		9015130F288395C800976B0F /* ObjectDepth.swift */ = {isa = PBXFileReference; lastKnownFileType = sourcecode.swift; path = ObjectDepth.swift; sourceTree = "<group>"; };
		901513142883B55F00976B0F /* LevelController.swift */ = {isa = PBXFileReference; lastKnownFileType = sourcecode.swift; path = LevelController.swift; sourceTree = "<group>"; };
		901513162883B80400976B0F /* TileBoards.swift */ = {isa = PBXFileReference; lastKnownFileType = sourcecode.swift; path = TileBoards.swift; sourceTree = "<group>"; };
		901513182883BD9700976B0F /* CardinalDirection.swift */ = {isa = PBXFileReference; lastKnownFileType = sourcecode.swift; path = CardinalDirection.swift; sourceTree = "<group>"; };
		9015131D2883C45000976B0F /* Point.swift */ = {isa = PBXFileReference; lastKnownFileType = sourcecode.swift; path = Point.swift; sourceTree = "<group>"; };
		9015131F2883F32100976B0F /* LevelControllerDelegate.swift */ = {isa = PBXFileReference; lastKnownFileType = sourcecode.swift; path = LevelControllerDelegate.swift; sourceTree = "<group>"; };
		901513212884A4A200976B0F /* SKScene.swift */ = {isa = PBXFileReference; lastKnownFileType = sourcecode.swift; path = SKScene.swift; sourceTree = "<group>"; };
/* End PBXFileReference section */

/* Begin PBXFrameworksBuildPhase section */
		901512DA2883363300976B0F /* Frameworks */ = {
			isa = PBXFrameworksBuildPhase;
			buildActionMask = 2147483647;
			files = (
			);
			runOnlyForDeploymentPostprocessing = 0;
		};
/* End PBXFrameworksBuildPhase section */

/* Begin PBXGroup section */
		901512D42883363300976B0F = {
			isa = PBXGroup;
			children = (
				901512DF2883363300976B0F /* RollOfTheDice */,
				901512DE2883363300976B0F /* Products */,
			);
			sourceTree = "<group>";
		};
		901512DE2883363300976B0F /* Products */ = {
			isa = PBXGroup;
			children = (
				901512DD2883363300976B0F /* RollOfTheDice.app */,
			);
			name = Products;
			sourceTree = "<group>";
		};
		901512DF2883363300976B0F /* RollOfTheDice */ = {
			isa = PBXGroup;
			children = (
				901512E02883363300976B0F /* AppDelegate.swift */,
				901513132883B54300976B0F /* LevelSystem */,
				90151304288370BB00976B0F /* TileSystem */,
				901513012883659500976B0F /* DiceSystem */,
				90151303288365DF00976B0F /* Utils */,
				90151302288365BE00976B0F /* Scenes */,
				901512EA2883363300976B0F /* Main.storyboard */,
				901512ED2883363600976B0F /* Assets.xcassets */,
				901512EF2883363600976B0F /* LaunchScreen.storyboard */,
			);
			path = RollOfTheDice;
			sourceTree = "<group>";
		};
		901513012883659500976B0F /* DiceSystem */ = {
			isa = PBXGroup;
			children = (
				901512FB28835CA900976B0F /* DiceType.swift */,
				901512F72883555B00976B0F /* DiceEntity.swift */,
				901512FF2883621C00976B0F /* DiceApi.swift */,
				901512F928835BF900976B0F /* DiceController.swift */,
			);
			path = DiceSystem;
			sourceTree = "<group>";
		};
		90151302288365BE00976B0F /* Scenes */ = {
			isa = PBXGroup;
			children = (
				901512E62883363300976B0F /* GameScene.swift */,
				901512E82883363300976B0F /* GameViewController.swift */,
			);
			path = Scenes;
			sourceTree = "<group>";
		};
		90151303288365DF00976B0F /* Utils */ = {
			isa = PBXGroup;
			children = (
				901513182883BD9700976B0F /* CardinalDirection.swift */,
				901513212884A4A200976B0F /* SKScene.swift */,
				901512FD28835E3400976B0F /* RandomNumberApi.swift */,
				9015131D2883C45000976B0F /* Point.swift */,
				9015130D28837B8E00976B0F /* Typealias.swift */,
				9015130F288395C800976B0F /* ObjectDepth.swift */,
			);
			path = Utils;
			sourceTree = "<group>";
		};
		90151304288370BB00976B0F /* TileSystem */ = {
			isa = PBXGroup;
			children = (
				90151305288370CE00976B0F /* TileType.swift */,
				90151309288379E800976B0F /* TileSide.swift */,
				90151307288379A400976B0F /* TileEntity.swift */,
				9015130B28837B5500976B0F /* TileController.swift */,
			);
			path = TileSystem;
			sourceTree = "<group>";
		};
		901513132883B54300976B0F /* LevelSystem */ = {
			isa = PBXGroup;
			children = (
				901513142883B55F00976B0F /* LevelController.swift */,
				9015131F2883F32100976B0F /* LevelControllerDelegate.swift */,
				901513162883B80400976B0F /* TileBoards.swift */,
			);
			path = LevelSystem;
			sourceTree = "<group>";
		};
/* End PBXGroup section */

/* Begin PBXNativeTarget section */
		901512DC2883363300976B0F /* RollOfTheDice */ = {
			isa = PBXNativeTarget;
			buildConfigurationList = 901512F42883363600976B0F /* Build configuration list for PBXNativeTarget "RollOfTheDice" */;
			buildPhases = (
				901512D92883363300976B0F /* Sources */,
				901512DA2883363300976B0F /* Frameworks */,
				901512DB2883363300976B0F /* Resources */,
			);
			buildRules = (
			);
			dependencies = (
			);
			name = RollOfTheDice;
			productName = RollOfTheDice;
			productReference = 901512DD2883363300976B0F /* RollOfTheDice.app */;
			productType = "com.apple.product-type.application";
		};
/* End PBXNativeTarget section */

/* Begin PBXProject section */
		901512D52883363300976B0F /* Project object */ = {
			isa = PBXProject;
			attributes = {
				BuildIndependentTargetsInParallel = 1;
				LastSwiftUpdateCheck = 1340;
				LastUpgradeCheck = 1340;
				TargetAttributes = {
					901512DC2883363300976B0F = {
						CreatedOnToolsVersion = 13.4.1;
					};
				};
			};
			buildConfigurationList = 901512D82883363300976B0F /* Build configuration list for PBXProject "RollOfTheDice" */;
			compatibilityVersion = "Xcode 13.0";
			developmentRegion = en;
			hasScannedForEncodings = 0;
			knownRegions = (
				en,
				Base,
			);
			mainGroup = 901512D42883363300976B0F;
			productRefGroup = 901512DE2883363300976B0F /* Products */;
			projectDirPath = "";
			projectRoot = "";
			targets = (
				901512DC2883363300976B0F /* RollOfTheDice */,
			);
		};
/* End PBXProject section */

/* Begin PBXResourcesBuildPhase section */
		901512DB2883363300976B0F /* Resources */ = {
			isa = PBXResourcesBuildPhase;
			buildActionMask = 2147483647;
			files = (
				901512EC2883363300976B0F /* Main.storyboard in Resources */,
				901512EE2883363600976B0F /* Assets.xcassets in Resources */,
				901512F12883363600976B0F /* LaunchScreen.storyboard in Resources */,
			);
			runOnlyForDeploymentPostprocessing = 0;
		};
/* End PBXResourcesBuildPhase section */

/* Begin PBXSourcesBuildPhase section */
		901512D92883363300976B0F /* Sources */ = {
			isa = PBXSourcesBuildPhase;
			buildActionMask = 2147483647;
			files = (
				901512FE28835E3400976B0F /* RandomNumberApi.swift in Sources */,
				9015130C28837B5500976B0F /* TileController.swift in Sources */,
				901512FC28835CA900976B0F /* DiceType.swift in Sources */,
				90151306288370CE00976B0F /* TileType.swift in Sources */,
				901513222884A4A200976B0F /* SKScene.swift in Sources */,
				901513202883F32100976B0F /* LevelControllerDelegate.swift in Sources */,
				901512E72883363300976B0F /* GameScene.swift in Sources */,
				90151310288395C800976B0F /* ObjectDepth.swift in Sources */,
				9015130A288379E800976B0F /* TileSide.swift in Sources */,
				901513192883BD9700976B0F /* CardinalDirection.swift in Sources */,
				9015131E2883C45000976B0F /* Point.swift in Sources */,
				901512F82883555B00976B0F /* DiceEntity.swift in Sources */,
				901512E92883363300976B0F /* GameViewController.swift in Sources */,
				901512FA28835BF900976B0F /* DiceController.swift in Sources */,
				901512E12883363300976B0F /* AppDelegate.swift in Sources */,
				901513152883B55F00976B0F /* LevelController.swift in Sources */,
				901513172883B80400976B0F /* TileBoards.swift in Sources */,
				90151308288379A400976B0F /* TileEntity.swift in Sources */,
				9015130E28837B8E00976B0F /* Typealias.swift in Sources */,
				901513002883621C00976B0F /* DiceApi.swift in Sources */,
			);
			runOnlyForDeploymentPostprocessing = 0;
		};
/* End PBXSourcesBuildPhase section */

/* Begin PBXVariantGroup section */
		901512EA2883363300976B0F /* Main.storyboard */ = {
			isa = PBXVariantGroup;
			children = (
				901512EB2883363300976B0F /* Base */,
			);
			name = Main.storyboard;
			sourceTree = "<group>";
		};
		901512EF2883363600976B0F /* LaunchScreen.storyboard */ = {
			isa = PBXVariantGroup;
			children = (
				901512F02883363600976B0F /* Base */,
			);
			name = LaunchScreen.storyboard;
			sourceTree = "<group>";
		};
/* End PBXVariantGroup section */

/* Begin XCBuildConfiguration section */
		901512F22883363600976B0F /* Debug */ = {
			isa = XCBuildConfiguration;
			buildSettings = {
				ALWAYS_SEARCH_USER_PATHS = NO;
				CLANG_ANALYZER_NONNULL = YES;
				CLANG_ANALYZER_NUMBER_OBJECT_CONVERSION = YES_AGGRESSIVE;
				CLANG_CXX_LANGUAGE_STANDARD = "gnu++17";
				CLANG_ENABLE_MODULES = YES;
				CLANG_ENABLE_OBJC_ARC = YES;
				CLANG_ENABLE_OBJC_WEAK = YES;
				CLANG_WARN_BLOCK_CAPTURE_AUTORELEASING = YES;
				CLANG_WARN_BOOL_CONVERSION = YES;
				CLANG_WARN_COMMA = YES;
				CLANG_WARN_CONSTANT_CONVERSION = YES;
				CLANG_WARN_DEPRECATED_OBJC_IMPLEMENTATIONS = YES;
				CLANG_WARN_DIRECT_OBJC_ISA_USAGE = YES_ERROR;
				CLANG_WARN_DOCUMENTATION_COMMENTS = YES;
				CLANG_WARN_EMPTY_BODY = YES;
				CLANG_WARN_ENUM_CONVERSION = YES;
				CLANG_WARN_INFINITE_RECURSION = YES;
				CLANG_WARN_INT_CONVERSION = YES;
				CLANG_WARN_NON_LITERAL_NULL_CONVERSION = YES;
				CLANG_WARN_OBJC_IMPLICIT_RETAIN_SELF = YES;
				CLANG_WARN_OBJC_LITERAL_CONVERSION = YES;
				CLANG_WARN_OBJC_ROOT_CLASS = YES_ERROR;
				CLANG_WARN_QUOTED_INCLUDE_IN_FRAMEWORK_HEADER = YES;
				CLANG_WARN_RANGE_LOOP_ANALYSIS = YES;
				CLANG_WARN_STRICT_PROTOTYPES = YES;
				CLANG_WARN_SUSPICIOUS_MOVE = YES;
				CLANG_WARN_UNGUARDED_AVAILABILITY = YES_AGGRESSIVE;
				CLANG_WARN_UNREACHABLE_CODE = YES;
				CLANG_WARN__DUPLICATE_METHOD_MATCH = YES;
				COPY_PHASE_STRIP = NO;
				DEBUG_INFORMATION_FORMAT = dwarf;
				ENABLE_STRICT_OBJC_MSGSEND = YES;
				ENABLE_TESTABILITY = YES;
				GCC_C_LANGUAGE_STANDARD = gnu11;
				GCC_DYNAMIC_NO_PIC = NO;
				GCC_NO_COMMON_BLOCKS = YES;
				GCC_OPTIMIZATION_LEVEL = 0;
				GCC_PREPROCESSOR_DEFINITIONS = (
					"DEBUG=1",
					"$(inherited)",
				);
				GCC_WARN_64_TO_32_BIT_CONVERSION = YES;
				GCC_WARN_ABOUT_RETURN_TYPE = YES_ERROR;
				GCC_WARN_UNDECLARED_SELECTOR = YES;
				GCC_WARN_UNINITIALIZED_AUTOS = YES_AGGRESSIVE;
				GCC_WARN_UNUSED_FUNCTION = YES;
				GCC_WARN_UNUSED_VARIABLE = YES;
				IPHONEOS_DEPLOYMENT_TARGET = 15.5;
				MTL_ENABLE_DEBUG_INFO = INCLUDE_SOURCE;
				MTL_FAST_MATH = YES;
				ONLY_ACTIVE_ARCH = YES;
				SDKROOT = iphoneos;
				SWIFT_ACTIVE_COMPILATION_CONDITIONS = DEBUG;
				SWIFT_OPTIMIZATION_LEVEL = "-Onone";
			};
			name = Debug;
		};
		901512F32883363600976B0F /* Release */ = {
			isa = XCBuildConfiguration;
			buildSettings = {
				ALWAYS_SEARCH_USER_PATHS = NO;
				CLANG_ANALYZER_NONNULL = YES;
				CLANG_ANALYZER_NUMBER_OBJECT_CONVERSION = YES_AGGRESSIVE;
				CLANG_CXX_LANGUAGE_STANDARD = "gnu++17";
				CLANG_ENABLE_MODULES = YES;
				CLANG_ENABLE_OBJC_ARC = YES;
				CLANG_ENABLE_OBJC_WEAK = YES;
				CLANG_WARN_BLOCK_CAPTURE_AUTORELEASING = YES;
				CLANG_WARN_BOOL_CONVERSION = YES;
				CLANG_WARN_COMMA = YES;
				CLANG_WARN_CONSTANT_CONVERSION = YES;
				CLANG_WARN_DEPRECATED_OBJC_IMPLEMENTATIONS = YES;
				CLANG_WARN_DIRECT_OBJC_ISA_USAGE = YES_ERROR;
				CLANG_WARN_DOCUMENTATION_COMMENTS = YES;
				CLANG_WARN_EMPTY_BODY = YES;
				CLANG_WARN_ENUM_CONVERSION = YES;
				CLANG_WARN_INFINITE_RECURSION = YES;
				CLANG_WARN_INT_CONVERSION = YES;
				CLANG_WARN_NON_LITERAL_NULL_CONVERSION = YES;
				CLANG_WARN_OBJC_IMPLICIT_RETAIN_SELF = YES;
				CLANG_WARN_OBJC_LITERAL_CONVERSION = YES;
				CLANG_WARN_OBJC_ROOT_CLASS = YES_ERROR;
				CLANG_WARN_QUOTED_INCLUDE_IN_FRAMEWORK_HEADER = YES;
				CLANG_WARN_RANGE_LOOP_ANALYSIS = YES;
				CLANG_WARN_STRICT_PROTOTYPES = YES;
				CLANG_WARN_SUSPICIOUS_MOVE = YES;
				CLANG_WARN_UNGUARDED_AVAILABILITY = YES_AGGRESSIVE;
				CLANG_WARN_UNREACHABLE_CODE = YES;
				CLANG_WARN__DUPLICATE_METHOD_MATCH = YES;
				COPY_PHASE_STRIP = NO;
				DEBUG_INFORMATION_FORMAT = "dwarf-with-dsym";
				ENABLE_NS_ASSERTIONS = NO;
				ENABLE_STRICT_OBJC_MSGSEND = YES;
				GCC_C_LANGUAGE_STANDARD = gnu11;
				GCC_NO_COMMON_BLOCKS = YES;
				GCC_WARN_64_TO_32_BIT_CONVERSION = YES;
				GCC_WARN_ABOUT_RETURN_TYPE = YES_ERROR;
				GCC_WARN_UNDECLARED_SELECTOR = YES;
				GCC_WARN_UNINITIALIZED_AUTOS = YES_AGGRESSIVE;
				GCC_WARN_UNUSED_FUNCTION = YES;
				GCC_WARN_UNUSED_VARIABLE = YES;
				IPHONEOS_DEPLOYMENT_TARGET = 15.5;
				MTL_ENABLE_DEBUG_INFO = NO;
				MTL_FAST_MATH = YES;
				SDKROOT = iphoneos;
				SWIFT_COMPILATION_MODE = wholemodule;
				SWIFT_OPTIMIZATION_LEVEL = "-O";
				VALIDATE_PRODUCT = YES;
			};
			name = Release;
		};
		901512F52883363600976B0F /* Debug */ = {
			isa = XCBuildConfiguration;
			buildSettings = {
				ASSETCATALOG_COMPILER_APPICON_NAME = AppIcon;
				ASSETCATALOG_COMPILER_GLOBAL_ACCENT_COLOR_NAME = AccentColor;
				CODE_SIGN_STYLE = Automatic;
				CURRENT_PROJECT_VERSION = 1;
				DEVELOPMENT_TEAM = 6F6B2VJ5ZH;
				GENERATE_INFOPLIST_FILE = YES;
				INFOPLIST_KEY_UIApplicationSupportsIndirectInputEvents = YES;
				INFOPLIST_KEY_UILaunchStoryboardName = LaunchScreen;
				INFOPLIST_KEY_UIMainStoryboardFile = Main;
				INFOPLIST_KEY_UIStatusBarHidden = YES;
				INFOPLIST_KEY_UISupportedInterfaceOrientations_iPad = "UIInterfaceOrientationPortrait UIInterfaceOrientationPortraitUpsideDown UIInterfaceOrientationLandscapeLeft UIInterfaceOrientationLandscapeRight";
				INFOPLIST_KEY_UISupportedInterfaceOrientations_iPhone = "UIInterfaceOrientationPortrait UIInterfaceOrientationLandscapeLeft UIInterfaceOrientationLandscapeRight";
				LD_RUNPATH_SEARCH_PATHS = (
					"$(inherited)",
					"@executable_path/Frameworks",
				);
				MARKETING_VERSION = 1.0;
				PRODUCT_BUNDLE_IDENTIFIER = com.dsdev.RollOfTheDice;
				PRODUCT_NAME = "$(TARGET_NAME)";
				SWIFT_EMIT_LOC_STRINGS = YES;
				SWIFT_VERSION = 5.0;
				TARGETED_DEVICE_FAMILY = "1,2";
			};
			name = Debug;
		};
		901512F62883363600976B0F /* Release */ = {
			isa = XCBuildConfiguration;
			buildSettings = {
				ASSETCATALOG_COMPILER_APPICON_NAME = AppIcon;
				ASSETCATALOG_COMPILER_GLOBAL_ACCENT_COLOR_NAME = AccentColor;
				CODE_SIGN_STYLE = Automatic;
				CURRENT_PROJECT_VERSION = 1;
				DEVELOPMENT_TEAM = 6F6B2VJ5ZH;
				GENERATE_INFOPLIST_FILE = YES;
				INFOPLIST_KEY_UIApplicationSupportsIndirectInputEvents = YES;
				INFOPLIST_KEY_UILaunchStoryboardName = LaunchScreen;
				INFOPLIST_KEY_UIMainStoryboardFile = Main;
				INFOPLIST_KEY_UIStatusBarHidden = YES;
				INFOPLIST_KEY_UISupportedInterfaceOrientations_iPad = "UIInterfaceOrientationPortrait UIInterfaceOrientationPortraitUpsideDown UIInterfaceOrientationLandscapeLeft UIInterfaceOrientationLandscapeRight";
				INFOPLIST_KEY_UISupportedInterfaceOrientations_iPhone = "UIInterfaceOrientationPortrait UIInterfaceOrientationLandscapeLeft UIInterfaceOrientationLandscapeRight";
				LD_RUNPATH_SEARCH_PATHS = (
					"$(inherited)",
					"@executable_path/Frameworks",
				);
				MARKETING_VERSION = 1.0;
				PRODUCT_BUNDLE_IDENTIFIER = com.dsdev.RollOfTheDice;
				PRODUCT_NAME = "$(TARGET_NAME)";
				SWIFT_EMIT_LOC_STRINGS = YES;
				SWIFT_VERSION = 5.0;
				TARGETED_DEVICE_FAMILY = "1,2";
			};
			name = Release;
		};
/* End XCBuildConfiguration section */

/* Begin XCConfigurationList section */
		901512D82883363300976B0F /* Build configuration list for PBXProject "RollOfTheDice" */ = {
			isa = XCConfigurationList;
			buildConfigurations = (
				901512F22883363600976B0F /* Debug */,
				901512F32883363600976B0F /* Release */,
			);
			defaultConfigurationIsVisible = 0;
			defaultConfigurationName = Release;
		};
		901512F42883363600976B0F /* Build configuration list for PBXNativeTarget "RollOfTheDice" */ = {
			isa = XCConfigurationList;
			buildConfigurations = (
				901512F52883363600976B0F /* Debug */,
				901512F62883363600976B0F /* Release */,
			);
			defaultConfigurationIsVisible = 0;
			defaultConfigurationName = Release;
		};
/* End XCConfigurationList section */
	};
	rootObject = 901512D52883363300976B0F /* Project object */;
}
